
Microsoft Visual Studio Solution File, Format Version 12.00
# Visual Studio Version 16
VisualStudioVersion = 16.0.31729.503
MinimumVisualStudioVersion = 10.0.40219.1
Project("{FAE04EC0-301F-11D3-BF4B-00C04F79EFBC}") = "Programa_01_04", "Programa_01_04\Programa_01_04.csproj", "{D4273ED4-0D98-45BE-A274-64CD146C05A5}"
EndProject
Global
	GlobalSection(SolutionConfigurationPlatforms) = preSolution
		Debug|Any CPU = Debug|Any CPU
		Release|Any CPU = Release|Any CPU
	EndGlobalSection
	GlobalSection(ProjectConfigurationPlatforms) = postSolution
		{D4273ED4-0D98-45BE-A274-64CD146C05A5}.Debug|Any CPU.ActiveCfg = Debug|Any CPU
		{D4273ED4-0D98-45BE-A274-64CD146C05A5}.Debug|Any CPU.Build.0 = Debug|Any CPU
		{D4273ED4-0D98-45BE-A274-64CD146C05A5}.Release|Any CPU.ActiveCfg = Release|Any CPU
		{D4273ED4-0D98-45BE-A274-64CD146C05A5}.Release|Any CPU.Build.0 = Release|Any CPU
	EndGlobalSection
	GlobalSection(SolutionProperties) = preSolution
		HideSolutionNode = FALSE
	EndGlobalSection
	GlobalSection(ExtensibilityGlobals) = postSolution
		SolutionGuid = {EED7934D-D277-40A0-AA2F-F71C1304BAAB}
	EndGlobalSection
EndGlobal
