
Microsoft Visual Studio Solution File, Format Version 12.00
# Visual Studio Version 16
VisualStudioVersion = 16.0.31729.503
MinimumVisualStudioVersion = 10.0.40219.1
Project("{FAE04EC0-301F-11D3-BF4B-00C04F79EFBC}") = "Programa_01_05", "Programa_01_05\Programa_01_05.csproj", "{5D3D06A6-37BC-4E76-8A64-188E48CD7434}"
EndProject
Global
	GlobalSection(SolutionConfigurationPlatforms) = preSolution
		Debug|Any CPU = Debug|Any CPU
		Release|Any CPU = Release|Any CPU
	EndGlobalSection
	GlobalSection(ProjectConfigurationPlatforms) = postSolution
		{5D3D06A6-37BC-4E76-8A64-188E48CD7434}.Debug|Any CPU.ActiveCfg = Debug|Any CPU
		{5D3D06A6-37BC-4E76-8A64-188E48CD7434}.Debug|Any CPU.Build.0 = Debug|Any CPU
		{5D3D06A6-37BC-4E76-8A64-188E48CD7434}.Release|Any CPU.ActiveCfg = Release|Any CPU
		{5D3D06A6-37BC-4E76-8A64-188E48CD7434}.Release|Any CPU.Build.0 = Release|Any CPU
	EndGlobalSection
	GlobalSection(SolutionProperties) = preSolution
		HideSolutionNode = FALSE
	EndGlobalSection
	GlobalSection(ExtensibilityGlobals) = postSolution
		SolutionGuid = {4C1B881D-87BC-4335-8F5C-A73F7C31A761}
	EndGlobalSection
EndGlobal
